
Microsoft Visual Studio Solution File, Format Version 12.00
# Visual Studio Version 17
VisualStudioVersion = 17.11.35219.272
MinimumVisualStudioVersion = 10.0.40219.1
Project("{FAE04EC0-301F-11D3-BF4B-00C04F79EFBC}") = "ConsoleApp2", "ConsoleApp2\ConsoleApp2.csproj", "{61E123E9-B718-483C-80C5-A16889138CC4}"
EndProject
Global
	GlobalSection(SolutionConfigurationPlatforms) = preSolution
		Debug|Any CPU = Debug|Any CPU
		Release|Any CPU = Release|Any CPU
	EndGlobalSection
	GlobalSection(ProjectConfigurationPlatforms) = postSolution
		{61E123E9-B718-483C-80C5-A16889138CC4}.Debug|Any CPU.ActiveCfg = Debug|Any CPU
		{61E123E9-B718-483C-80C5-A16889138CC4}.Debug|Any CPU.Build.0 = Debug|Any CPU
		{61E123E9-B718-483C-80C5-A16889138CC4}.Release|Any CPU.ActiveCfg = Release|Any CPU
		{61E123E9-B718-483C-80C5-A16889138CC4}.Release|Any CPU.Build.0 = Release|Any CPU
	EndGlobalSection
	GlobalSection(SolutionProperties) = preSolution
		HideSolutionNode = FALSE
	EndGlobalSection
	GlobalSection(ExtensibilityGlobals) = postSolution
		SolutionGuid = {FAF61D73-0F76-4863-BAE1-4906A85952A7}
	EndGlobalSection
EndGlobal
